
Microsoft Visual Studio Solution File, Format Version 12.00
# Visual Studio Version 17
VisualStudioVersion = 17.1.32210.238
MinimumVisualStudioVersion = 10.0.40219.1
Project("{FAE04EC0-301F-11D3-BF4B-00C04F79EFBC}") = "EfTestDataStorage", "EfTestDataStorage\EfTestDataStorage.csproj", "{B5C49A96-39C0-4399-B119-E311DC750189}"
EndProject
Global
	GlobalSection(SolutionConfigurationPlatforms) = preSolution
		Debug|Any CPU = Debug|Any CPU
		Release|Any CPU = Release|Any CPU
	EndGlobalSection
	GlobalSection(ProjectConfigurationPlatforms) = postSolution
		{B5C49A96-39C0-4399-B119-E311DC750189}.Debug|Any CPU.ActiveCfg = Debug|Any CPU
		{B5C49A96-39C0-4399-B119-E311DC750189}.Debug|Any CPU.Build.0 = Debug|Any CPU
		{B5C49A96-39C0-4399-B119-E311DC750189}.Release|Any CPU.ActiveCfg = Release|Any CPU
		{B5C49A96-39C0-4399-B119-E311DC750189}.Release|Any CPU.Build.0 = Release|Any CPU
	EndGlobalSection
	GlobalSection(SolutionProperties) = preSolution
		HideSolutionNode = FALSE
	EndGlobalSection
	GlobalSection(ExtensibilityGlobals) = postSolution
		SolutionGuid = {42B1BF7A-B6E5-4B5C-9075-6E1C732A3852}
	EndGlobalSection
EndGlobal
